
Microsoft Visual Studio Solution File, Format Version 12.00
# Visual Studio Version 16
VisualStudioVersion = 16.0.31515.178
MinimumVisualStudioVersion = 10.0.40219.1
Project("{888888A0-9F3D-457C-B088-3A5042F75D52}") = "GuessingGame", "GuessingGame.pyproj", "{AFC3DD26-C2B7-4564-9C21-32B629ABCA37}"
EndProject
Global
	GlobalSection(SolutionConfigurationPlatforms) = preSolution
		Debug|Any CPU = Debug|Any CPU
		Release|Any CPU = Release|Any CPU
	EndGlobalSection
	GlobalSection(ProjectConfigurationPlatforms) = postSolution
		{AFC3DD26-C2B7-4564-9C21-32B629ABCA37}.Debug|Any CPU.ActiveCfg = Debug|Any CPU
		{AFC3DD26-C2B7-4564-9C21-32B629ABCA37}.Release|Any CPU.ActiveCfg = Release|Any CPU
	EndGlobalSection
	GlobalSection(SolutionProperties) = preSolution
		HideSolutionNode = FALSE
	EndGlobalSection
	GlobalSection(ExtensibilityGlobals) = postSolution
		SolutionGuid = {DE898097-597E-4D12-98B8-3E3D59ECE33F}
	EndGlobalSection
EndGlobal
